
Microsoft Visual Studio Solution File, Format Version 12.00
# Visual Studio 14
VisualStudioVersion = 14.0.24720.0
MinimumVisualStudioVersion = 10.0.40219.1
Project("{8BC9CEB8-8B4A-11D0-8D11-00A0C91BC942}") = "Core", "Core\Core.vcxproj", "{4BDDF0CA-7371-45C0-86A7-05E6E2FB1994}"
EndProject
Project("{8BC9CEB8-8B4A-11D0-8D11-00A0C91BC942}") = "RendererD3D", "..\RendererD3D\RendererD3D.vcxproj", "{C6013C58-CE83-4B8B-ACED-4EE28DD2160A}"
EndProject
Project("{8BC9CEB8-8B4A-11D0-8D11-00A0C91BC942}") = "Utilities", "..\Utilities\Utilities.vcxproj", "{51505304-C387-41DB-8F5B-F66F8184C791}"
EndProject
Project("{FAE04EC0-301F-11D3-BF4B-00C04F79EFBC}") = "Test", "..\Test\Test.csproj", "{98CB5D44-40E5-46A0-AD2E-9AEDFEE2BA4B}"
EndProject
Project("{2150E333-8FDC-42A3-9474-1A3956D46DE8}") = "External", "External", "{4F77D61F-546A-47E6-9CC6-97AD89327A49}"
EndProject
Project("{8BC9CEB8-8B4A-11D0-8D11-00A0C91BC942}") = "DirectXTK_Desktop_2015", "..\External\DirectXTK\DirectXTK_Desktop_2015.vcxproj", "{E0B52AE7-E160-4D32-BF3F-910B785E5A8E}"
EndProject
Project("{8BC9CEB8-8B4A-11D0-8D11-00A0C91BC942}") = "CSharpWarpper", "..\CSharpWarpper\CSharpWarpper.vcxproj", "{250FF69E-FEBA-4AE2-ABCC-69E21067BD14}"
EndProject
Project("{8BC9CEB8-8B4A-11D0-8D11-00A0C91BC942}") = "FBXBinaryLoader", "..\FBXBinaryLoader\FBXBinaryLoader.vcxproj", "{E9731A80-CB62-4017-99BB-58A7A0274C22}"
EndProject
Project("{8BC9CEB8-8B4A-11D0-8D11-00A0C91BC942}") = "FBXBinaryConverter", "..\FBXBinaryConverter\FBXBinaryConverter.vcxproj", "{BFC7F787-41BF-4CA6-BDB9-1C68CFF716D7}"
EndProject
Project("{8BC9CEB8-8B4A-11D0-8D11-00A0C91BC942}") = "Input", "Input\Input.vcxproj", "{A987FA13-2DA1-4E72-A474-AA4B521E7600}"
EndProject
Global
	GlobalSection(SolutionConfigurationPlatforms) = preSolution
		Debug|Any CPU = Debug|Any CPU
		Debug|x64 = Debug|x64
		Debug|x86 = Debug|x86
		Release|Any CPU = Release|Any CPU
		Release|x64 = Release|x64
		Release|x86 = Release|x86
	EndGlobalSection
	GlobalSection(ProjectConfigurationPlatforms) = postSolution
		{4BDDF0CA-7371-45C0-86A7-05E6E2FB1994}.Debug|Any CPU.ActiveCfg = Debug|Win32
		{4BDDF0CA-7371-45C0-86A7-05E6E2FB1994}.Debug|x64.ActiveCfg = Debug|x64
		{4BDDF0CA-7371-45C0-86A7-05E6E2FB1994}.Debug|x64.Build.0 = Debug|x64
		{4BDDF0CA-7371-45C0-86A7-05E6E2FB1994}.Debug|x86.ActiveCfg = Debug|Win32
		{4BDDF0CA-7371-45C0-86A7-05E6E2FB1994}.Debug|x86.Build.0 = Debug|Win32
		{4BDDF0CA-7371-45C0-86A7-05E6E2FB1994}.Release|Any CPU.ActiveCfg = Release|Win32
		{4BDDF0CA-7371-45C0-86A7-05E6E2FB1994}.Release|x64.ActiveCfg = Release|x64
		{4BDDF0CA-7371-45C0-86A7-05E6E2FB1994}.Release|x64.Build.0 = Release|x64
		{4BDDF0CA-7371-45C0-86A7-05E6E2FB1994}.Release|x86.ActiveCfg = Release|Win32
		{4BDDF0CA-7371-45C0-86A7-05E6E2FB1994}.Release|x86.Build.0 = Release|Win32
		{C6013C58-CE83-4B8B-ACED-4EE28DD2160A}.Debug|Any CPU.ActiveCfg = Debug|Win32
		{C6013C58-CE83-4B8B-ACED-4EE28DD2160A}.Debug|x64.ActiveCfg = Debug|x64
		{C6013C58-CE83-4B8B-ACED-4EE28DD2160A}.Debug|x64.Build.0 = Debug|x64
		{C6013C58-CE83-4B8B-ACED-4EE28DD2160A}.Debug|x86.ActiveCfg = Debug|Win32
		{C6013C58-CE83-4B8B-ACED-4EE28DD2160A}.Debug|x86.Build.0 = Debug|Win32
		{C6013C58-CE83-4B8B-ACED-4EE28DD2160A}.Release|Any CPU.ActiveCfg = Release|Win32
		{C6013C58-CE83-4B8B-ACED-4EE28DD2160A}.Release|x64.ActiveCfg = Release|x64
		{C6013C58-CE83-4B8B-ACED-4EE28DD2160A}.Release|x64.Build.0 = Release|x64
		{C6013C58-CE83-4B8B-ACED-4EE28DD2160A}.Release|x86.ActiveCfg = Release|Win32
		{C6013C58-CE83-4B8B-ACED-4EE28DD2160A}.Release|x86.Build.0 = Release|Win32
		{51505304-C387-41DB-8F5B-F66F8184C791}.Debug|Any CPU.ActiveCfg = Debug|Win32
		{51505304-C387-41DB-8F5B-F66F8184C791}.Debug|x64.ActiveCfg = Debug|x64
		{51505304-C387-41DB-8F5B-F66F8184C791}.Debug|x64.Build.0 = Debug|x64
		{51505304-C387-41DB-8F5B-F66F8184C791}.Debug|x86.ActiveCfg = Debug|Win32
		{51505304-C387-41DB-8F5B-F66F8184C791}.Debug|x86.Build.0 = Debug|Win32
		{51505304-C387-41DB-8F5B-F66F8184C791}.Release|Any CPU.ActiveCfg = Release|Win32
		{51505304-C387-41DB-8F5B-F66F8184C791}.Release|x64.ActiveCfg = Release|x64
		{51505304-C387-41DB-8F5B-F66F8184C791}.Release|x64.Build.0 = Release|x64
		{51505304-C387-41DB-8F5B-F66F8184C791}.Release|x86.ActiveCfg = Release|Win32
		{51505304-C387-41DB-8F5B-F66F8184C791}.Release|x86.Build.0 = Release|Win32
		{98CB5D44-40E5-46A0-AD2E-9AEDFEE2BA4B}.Debug|Any CPU.ActiveCfg = Debug|Any CPU
		{98CB5D44-40E5-46A0-AD2E-9AEDFEE2BA4B}.Debug|Any CPU.Build.0 = Debug|Any CPU
		{98CB5D44-40E5-46A0-AD2E-9AEDFEE2BA4B}.Debug|x64.ActiveCfg = Debug|x64
		{98CB5D44-40E5-46A0-AD2E-9AEDFEE2BA4B}.Debug|x64.Build.0 = Debug|x64
		{98CB5D44-40E5-46A0-AD2E-9AEDFEE2BA4B}.Debug|x86.ActiveCfg = Debug|Any CPU
		{98CB5D44-40E5-46A0-AD2E-9AEDFEE2BA4B}.Debug|x86.Build.0 = Debug|Any CPU
		{98CB5D44-40E5-46A0-AD2E-9AEDFEE2BA4B}.Release|Any CPU.ActiveCfg = Release|Any CPU
		{98CB5D44-40E5-46A0-AD2E-9AEDFEE2BA4B}.Release|Any CPU.Build.0 = Release|Any CPU
		{98CB5D44-40E5-46A0-AD2E-9AEDFEE2BA4B}.Release|x64.ActiveCfg = Release|Any CPU
		{98CB5D44-40E5-46A0-AD2E-9AEDFEE2BA4B}.Release|x64.Build.0 = Release|Any CPU
		{98CB5D44-40E5-46A0-AD2E-9AEDFEE2BA4B}.Release|x86.ActiveCfg = Release|Any CPU
		{98CB5D44-40E5-46A0-AD2E-9AEDFEE2BA4B}.Release|x86.Build.0 = Release|Any CPU
		{E0B52AE7-E160-4D32-BF3F-910B785E5A8E}.Debug|Any CPU.ActiveCfg = Debug|Win32
		{E0B52AE7-E160-4D32-BF3F-910B785E5A8E}.Debug|x64.ActiveCfg = Debug|x64
		{E0B52AE7-E160-4D32-BF3F-910B785E5A8E}.Debug|x64.Build.0 = Debug|x64
		{E0B52AE7-E160-4D32-BF3F-910B785E5A8E}.Debug|x86.ActiveCfg = Debug|Win32
		{E0B52AE7-E160-4D32-BF3F-910B785E5A8E}.Debug|x86.Build.0 = Debug|Win32
		{E0B52AE7-E160-4D32-BF3F-910B785E5A8E}.Release|Any CPU.ActiveCfg = Release|Win32
		{E0B52AE7-E160-4D32-BF3F-910B785E5A8E}.Release|x64.ActiveCfg = Release|x64
		{E0B52AE7-E160-4D32-BF3F-910B785E5A8E}.Release|x64.Build.0 = Release|x64
		{E0B52AE7-E160-4D32-BF3F-910B785E5A8E}.Release|x86.ActiveCfg = Release|Win32
		{E0B52AE7-E160-4D32-BF3F-910B785E5A8E}.Release|x86.Build.0 = Release|Win32
		{250FF69E-FEBA-4AE2-ABCC-69E21067BD14}.Debug|Any CPU.ActiveCfg = Debug|Win32
		{250FF69E-FEBA-4AE2-ABCC-69E21067BD14}.Debug|x64.ActiveCfg = Debug|x64
		{250FF69E-FEBA-4AE2-ABCC-69E21067BD14}.Debug|x64.Build.0 = Debug|x64
		{250FF69E-FEBA-4AE2-ABCC-69E21067BD14}.Debug|x86.ActiveCfg = Debug|Win32
		{250FF69E-FEBA-4AE2-ABCC-69E21067BD14}.Debug|x86.Build.0 = Debug|Win32
		{250FF69E-FEBA-4AE2-ABCC-69E21067BD14}.Release|Any CPU.ActiveCfg = Release|Win32
		{250FF69E-FEBA-4AE2-ABCC-69E21067BD14}.Release|x64.ActiveCfg = Release|x64
		{250FF69E-FEBA-4AE2-ABCC-69E21067BD14}.Release|x64.Build.0 = Release|x64
		{250FF69E-FEBA-4AE2-ABCC-69E21067BD14}.Release|x86.ActiveCfg = Release|Win32
		{250FF69E-FEBA-4AE2-ABCC-69E21067BD14}.Release|x86.Build.0 = Release|Win32
		{E9731A80-CB62-4017-99BB-58A7A0274C22}.Debug|Any CPU.ActiveCfg = Debug|Win32
		{A987FA13-2DA1-4E72-A474-AA4B521E7600}.Debug|Any CPU.ActiveCfg = Debug|Win32
		{E9731A80-CB62-4017-99BB-58A7A0274C22}.Debug|x64.ActiveCfg = Debug|x64
		{A987FA13-2DA1-4E72-A474-AA4B521E7600}.Debug|x64.ActiveCfg = Debug|x64
		{E9731A80-CB62-4017-99BB-58A7A0274C22}.Debug|x64.Build.0 = Debug|x64
		{A987FA13-2DA1-4E72-A474-AA4B521E7600}.Debug|x64.Build.0 = Debug|x64
		{E9731A80-CB62-4017-99BB-58A7A0274C22}.Debug|x86.ActiveCfg = Debug|Win32
		{A987FA13-2DA1-4E72-A474-AA4B521E7600}.Debug|x86.ActiveCfg = Debug|Win32
		{E9731A80-CB62-4017-99BB-58A7A0274C22}.Debug|x86.Build.0 = Debug|Win32
		{A987FA13-2DA1-4E72-A474-AA4B521E7600}.Debug|x86.Build.0 = Debug|Win32
		{E9731A80-CB62-4017-99BB-58A7A0274C22}.Release|Any CPU.ActiveCfg = Release|Win32
		{A987FA13-2DA1-4E72-A474-AA4B521E7600}.Release|Any CPU.ActiveCfg = Release|Win32
		{E9731A80-CB62-4017-99BB-58A7A0274C22}.Release|x64.ActiveCfg = Release|x64
		{E9731A80-CB62-4017-99BB-58A7A0274C22}.Release|x64.Build.0 = Release|x64
		{E9731A80-CB62-4017-99BB-58A7A0274C22}.Release|x86.ActiveCfg = Release|Win32
		{E9731A80-CB62-4017-99BB-58A7A0274C22}.Release|x86.Build.0 = Release|Win32
		{BFC7F787-41BF-4CA6-BDB9-1C68CFF716D7}.Debug|Any CPU.ActiveCfg = Debug|Win32
		{BFC7F787-41BF-4CA6-BDB9-1C68CFF716D7}.Debug|x64.ActiveCfg = Debug|x64
		{BFC7F787-41BF-4CA6-BDB9-1C68CFF716D7}.Debug|x64.Build.0 = Debug|x64
		{BFC7F787-41BF-4CA6-BDB9-1C68CFF716D7}.Debug|x86.ActiveCfg = Debug|Win32
		{BFC7F787-41BF-4CA6-BDB9-1C68CFF716D7}.Debug|x86.Build.0 = Debug|Win32
		{BFC7F787-41BF-4CA6-BDB9-1C68CFF716D7}.Release|Any CPU.ActiveCfg = Release|Win32
		{BFC7F787-41BF-4CA6-BDB9-1C68CFF716D7}.Release|x64.ActiveCfg = Release|x64
		{BFC7F787-41BF-4CA6-BDB9-1C68CFF716D7}.Release|x64.Build.0 = Release|x64
		{BFC7F787-41BF-4CA6-BDB9-1C68CFF716D7}.Release|x86.ActiveCfg = Release|Win32
		{BFC7F787-41BF-4CA6-BDB9-1C68CFF716D7}.Release|x86.Build.0 = Release|Win32
		{A987FA13-2DA1-4E72-A474-AA4B521E7600}.Release|x64.ActiveCfg = Release|x64
		{A987FA13-2DA1-4E72-A474-AA4B521E7600}.Release|x64.Build.0 = Release|x64
		{A987FA13-2DA1-4E72-A474-AA4B521E7600}.Release|x86.ActiveCfg = Release|Win32
		{A987FA13-2DA1-4E72-A474-AA4B521E7600}.Release|x86.Build.0 = Release|Win32
	EndGlobalSection
	GlobalSection(SolutionProperties) = preSolution
		HideSolutionNode = FALSE
	EndGlobalSection
	GlobalSection(NestedProjects) = preSolution
		{E0B52AE7-E160-4D32-BF3F-910B785E5A8E} = {4F77D61F-546A-47E6-9CC6-97AD89327A49}
	EndGlobalSection
EndGlobal
