<?xml version="1.0" encoding="utf-8"?>
<Project ToolsVersion="4.0" xmlns="http://schemas.microsoft.com/developer/msbuild/2003">
  <ItemGroup>
    <Filter Include="Source Files">
      <UniqueIdentifier>{4FC737F1-C7A5-4376-A066-2A32D752A2FF}</UniqueIdentifier>
      <Extensions>cpp;c;cc;cxx;def;odl;idl;hpj;bat;asm;asmx</Extensions>
    </Filter>
    <Filter Include="Header Files">
      <UniqueIdentifier>{93995380-89BD-4b04-88EB-625FBE52EBFB}</UniqueIdentifier>
      <Extensions>h;hh;hpp;hxx;hm;inl;inc;xsd</Extensions>
    </Filter>
    <Filter Include="Resource Files">
      <UniqueIdentifier>{67DA6AB6-F800-4c08-8B7A-83BB121AAD01}</UniqueIdentifier>
      <Extensions>rc;ico;cur;bmp;dlg;rc2;rct;bin;rgs;gif;jpg;jpeg;jpe;resx;tiff;tif;png;wav;mfcribbon-ms</Extensions>
    </Filter>
    <Filter Include="Shaders">
      <UniqueIdentifier>{46688c97-ceba-4f1c-b719-7a594554eb73}</UniqueIdentifier>
    </Filter>
    <Filter Include="Shaders\VertexLayout">
      <UniqueIdentifier>{7b36ffa5-767c-44f4-a7ed-54ced2bbf332}</UniqueIdentifier>
    </Filter>
    <Filter Include="Shaders\VertexShaders">
      <UniqueIdentifier>{6b6b9d95-c81d-4484-9b74-3f842eb9d8f7}</UniqueIdentifier>
    </Filter>
    <Filter Include="Shaders\PixelShaders">
      <UniqueIdentifier>{7222e060-8670-40a1-9e75-02bc5e067183}</UniqueIdentifier>
    </Filter>
  </ItemGroup>
  <ItemGroup>
    <Text Include="ReadMe.txt" />
  </ItemGroup>
  <ItemGroup>
    <ClInclude Include="stdafx.h">
      <Filter>Header Files</Filter>
    </ClInclude>
    <ClInclude Include="targetver.h">
      <Filter>Header Files</Filter>
    </ClInclude>
    <ClInclude Include="Renderer.h">
      <Filter>Header Files</Filter>
    </ClInclude>
    <ClInclude Include="SharedDefines.h">
      <Filter>Header Files</Filter>
    </ClInclude>
    <ClInclude Include="RenderNode.h">
      <Filter>Header Files</Filter>
    </ClInclude>
    <ClInclude Include="RenderContext.h">
      <Filter>Header Files</Filter>
    </ClInclude>
    <ClInclude Include="RenderShape.h">
      <Filter>Header Files</Filter>
    </ClInclude>
    <ClInclude Include="RenderMesh.h">
      <Filter>Header Files</Filter>
    </ClInclude>
    <ClInclude Include="RenderSet.h">
      <Filter>Header Files</Filter>
    </ClInclude>
    <ClInclude Include="StreamManager.h">
      <Filter>Header Files</Filter>
    </ClInclude>
    <ClInclude Include="InputLayoutManager.h">
      <Filter>Header Files</Filter>
    </ClInclude>
    <ClInclude Include="RenderMaterial.h">
      <Filter>Header Files</Filter>
    </ClInclude>
    <ClInclude Include="ConstantBuffer.h">
      <Filter>Header Files</Filter>
    </ClInclude>
    <ClInclude Include="RasterizerStateManager.h">
      <Filter>Header Files</Filter>
    </ClInclude>
    <ClInclude Include="BlendStateManager.h">
      <Filter>Header Files</Filter>
    </ClInclude>
    <ClInclude Include="DepthStencilStateManager.h">
      <Filter>Header Files</Filter>
    </ClInclude>
    <ClInclude Include="ShaderManager.h">
      <Filter>Header Files</Filter>
    </ClInclude>
    <ClInclude Include="Camera.h">
      <Filter>Header Files</Filter>
    </ClInclude>
    <ClInclude Include="RenderController.h">
      <Filter>Header Files</Filter>
    </ClInclude>
    <ClInclude Include="IndexBufferManager.h">
      <Filter>Header Files</Filter>
    </ClInclude>
    <ClInclude Include="DirectionalLight.h">
      <Filter>Header Files</Filter>
    </ClInclude>
  </ItemGroup>
  <ItemGroup>
    <ClCompile Include="stdafx.cpp">
      <Filter>Source Files</Filter>
    </ClCompile>
    <ClCompile Include="Renderer.cpp">
      <Filter>Source Files</Filter>
    </ClCompile>
    <ClCompile Include="RenderContext.cpp">
      <Filter>Source Files</Filter>
    </ClCompile>
    <ClCompile Include="RenderShape.cpp">
      <Filter>Source Files</Filter>
    </ClCompile>
    <ClCompile Include="RenderMesh.cpp">
      <Filter>Source Files</Filter>
    </ClCompile>
    <ClCompile Include="RenderSet.cpp">
      <Filter>Source Files</Filter>
    </ClCompile>
    <ClCompile Include="StreamManager.cpp">
      <Filter>Source Files</Filter>
    </ClCompile>
    <ClCompile Include="InputLayoutManager.cpp">
      <Filter>Source Files</Filter>
    </ClCompile>
    <ClCompile Include="RenderMaterial.cpp">
      <Filter>Source Files</Filter>
    </ClCompile>
    <ClCompile Include="RasterizerStateManager.cpp">
      <Filter>Source Files</Filter>
    </ClCompile>
    <ClCompile Include="BlendStateManager.cpp">
      <Filter>Source Files</Filter>
    </ClCompile>
    <ClCompile Include="DepthStencilStateManager.cpp">
      <Filter>Source Files</Filter>
    </ClCompile>
    <ClCompile Include="ShaderManager.cpp">
      <Filter>Source Files</Filter>
    </ClCompile>
    <ClCompile Include="Camera.cpp">
      <Filter>Source Files</Filter>
    </ClCompile>
    <ClCompile Include="RenderController.cpp">
      <Filter>Source Files</Filter>
    </ClCompile>
    <ClCompile Include="IndexBufferManager.cpp">
      <Filter>Source Files</Filter>
    </ClCompile>
    <ClCompile Include="DirectionalLight.cpp">
      <Filter>Source Files</Filter>
    </ClCompile>
  </ItemGroup>
  <ItemGroup>
    <FxCompile Include="Shaders\Vertex_POSNORDIFF.hlsl">
      <Filter>Shaders\VertexLayout</Filter>
    </FxCompile>
    <FxCompile Include="Shaders\Vertex_PosNorDiffUVTan.hlsl">
      <Filter>Shaders\VertexLayout</Filter>
    </FxCompile>
    <FxCompile Include="Shaders\Vertex_PosNorDiffUVTanBoneWeight.hlsl">
      <Filter>Shaders\VertexLayout</Filter>
    </FxCompile>
    <FxCompile Include="Shaders\Default_VS.hlsl">
      <Filter>Shaders\VertexShaders</Filter>
    </FxCompile>
    <FxCompile Include="Shaders\Default_PS.hlsl">
      <Filter>Shaders\PixelShaders</Filter>
    </FxCompile>
    <FxCompile Include="ComputeShader.hlsl">
      <Filter>Shaders</Filter>
    </FxCompile>
    <FxCompile Include="Shaders\FullScreenTri_PS.hlsl">
      <Filter>Shaders\PixelShaders</Filter>
    </FxCompile>
    <FxCompile Include="Shaders\FullScreenTri_VS.hlsl">
      <Filter>Shaders\VertexShaders</Filter>
    </FxCompile>
  </ItemGroup>
  <ItemGroup>
    <None Include="Shaders\InputLayout.hlsli">
      <Filter>Shaders</Filter>
    </None>
    <None Include="Shaders\Samplers.hlsli">
      <Filter>Shaders</Filter>
    </None>
    <None Include="Shaders\CommonShaderFunctions.hlsli">
      <Filter>Shaders</Filter>
    </None>
  </ItemGroup>
</Project>